PODS:
  - CocoaAsyncSocket (7.6.3)
  - Live (1.0.0):
    - OSCKit
  - OSCKit (0.3.5):
    - CocoaAsyncSocket (~> 7.3)

DEPENDENCIES:
  - Live (from `~/All-Code/All-Frameworks/Live`)

SPEC REPOS:
  https://github.com/cocoapods/specs.git:
    - CocoaAsyncSocket
    - OSCKit

EXTERNAL SOURCES:
  Live:
    :path: "~/All-Code/All-Frameworks/Live"

SPEC CHECKSUMS:
  CocoaAsyncSocket: eafaa68a7e0ec99ead0a7b35015e0bf25d2c8987
  Live: fb2791fc4c64a8cf8b56be53a60a17a1ac054ec9
  OSCKit: 4470dbd30bc792dcf66dc4e7b5d1ec7174add33c

PODFILE CHECKSUM: f04814ee5e4dc58e0ddb3caa090786d884082b43

COCOAPODS: 1.7.2
