// !$*UTF8*$!
{
	archiveVersion = 1;
	classes = {
	};
	objectVersion = 50;
	objects = {

/* Begin PBXBuildFile section */
		3A2840B0232A2FF1004A43B6 /* GEORepView.swift in Sources */ = {isa = PBXBuildFile; fileRef = 3A2840AF232A2FF1004A43B6 /* GEORepView.swift */; };
		3A2840B3232A30F8004A43B6 /* GEO3D.framework in Frameworks */ = {isa = PBXBuildFile; fileRef = 74F72E49223EB43400900030 /* GEO3D.framework */; };
		3A2840B4232A30F8004A43B6 /* GEO3D.framework in Embed Frameworks */ = {isa = PBXBuildFile; fileRef = 74F72E49223EB43400900030 /* GEO3D.framework */; settings = {ATTRIBUTES = (CodeSignOnCopy, RemoveHeadersOnCopy, ); }; };
		3A296F05232A6A9A0089F106 /* BoxGEO.swift in Sources */ = {isa = PBXBuildFile; fileRef = 3A296F04232A6A9A0089F106 /* BoxGEO.swift */; };
		3A296F06232A6A9A0089F106 /* BoxGEO.swift in Sources */ = {isa = PBXBuildFile; fileRef = 3A296F04232A6A9A0089F106 /* BoxGEO.swift */; };
		3A296F08232A6B7D0089F106 /* GEOContent.swift in Sources */ = {isa = PBXBuildFile; fileRef = 3A296F07232A6B7D0089F106 /* GEOContent.swift */; };
		3A296F09232A6B7D0089F106 /* GEOContent.swift in Sources */ = {isa = PBXBuildFile; fileRef = 3A296F07232A6B7D0089F106 /* GEOContent.swift */; };
		3A296F0B232A6BD80089F106 /* GEOEffect.swift in Sources */ = {isa = PBXBuildFile; fileRef = 3A296F0A232A6BD80089F106 /* GEOEffect.swift */; };
		3A296F0C232A6BD80089F106 /* GEOEffect.swift in Sources */ = {isa = PBXBuildFile; fileRef = 3A296F0A232A6BD80089F106 /* GEOEffect.swift */; };
		3A31C5C7232A212A00373EA3 /* GEO3D.swift in Sources */ = {isa = PBXBuildFile; fileRef = 3A31C5C6232A212A00373EA3 /* GEO3D.swift */; };
		3A31C5D1232A253D00373EA3 /* AppDelegate.swift in Sources */ = {isa = PBXBuildFile; fileRef = 3A31C5D0232A253D00373EA3 /* AppDelegate.swift */; };
		3A31C5D3232A253D00373EA3 /* SceneDelegate.swift in Sources */ = {isa = PBXBuildFile; fileRef = 3A31C5D2232A253D00373EA3 /* SceneDelegate.swift */; };
		3A31C5D5232A253D00373EA3 /* ContentView.swift in Sources */ = {isa = PBXBuildFile; fileRef = 3A31C5D4232A253D00373EA3 /* ContentView.swift */; };
		3A31C5D7232A253E00373EA3 /* Assets.xcassets in Resources */ = {isa = PBXBuildFile; fileRef = 3A31C5D6232A253E00373EA3 /* Assets.xcassets */; };
		3A31C5DA232A253E00373EA3 /* Preview Assets.xcassets in Resources */ = {isa = PBXBuildFile; fileRef = 3A31C5D9232A253E00373EA3 /* Preview Assets.xcassets */; };
		3A31C5DD232A253E00373EA3 /* LaunchScreen.storyboard in Resources */ = {isa = PBXBuildFile; fileRef = 3A31C5DB232A253E00373EA3 /* LaunchScreen.storyboard */; };
		3A31C5E4232A2D7D00373EA3 /* ScnRoot.swift in Sources */ = {isa = PBXBuildFile; fileRef = 3A31C5E3232A2D7D00373EA3 /* ScnRoot.swift */; };
		3A31C5E6232A2D8600373EA3 /* ScnObj.swift in Sources */ = {isa = PBXBuildFile; fileRef = 3A31C5E5232A2D8600373EA3 /* ScnObj.swift */; };
		3A31C5E8232A2DBF00373EA3 /* Root.swift in Sources */ = {isa = PBXBuildFile; fileRef = 3A31C5E7232A2DBF00373EA3 /* Root.swift */; };
		3A31C5EA232A2DC900373EA3 /* Root.swift in Sources */ = {isa = PBXBuildFile; fileRef = 3A31C5E7232A2DBF00373EA3 /* Root.swift */; };
		3A31C5EC232A2DD300373EA3 /* Obj.swift in Sources */ = {isa = PBXBuildFile; fileRef = 3A31C5EB232A2DD300373EA3 /* Obj.swift */; };
		3A31C5EE232A2E5100373EA3 /* Obj.swift in Sources */ = {isa = PBXBuildFile; fileRef = 3A31C5EB232A2DD300373EA3 /* Obj.swift */; };
		3A31C5EF232A2E5700373EA3 /* ScnRoot.swift in Sources */ = {isa = PBXBuildFile; fileRef = 3A31C5E3232A2D7D00373EA3 /* ScnRoot.swift */; };
		3A31C5F0232A2E5900373EA3 /* ScnObj.swift in Sources */ = {isa = PBXBuildFile; fileRef = 3A31C5E5232A2D8600373EA3 /* ScnObj.swift */; };
		3A874F1A223F907800DE2414 /* Engine.swift in Sources */ = {isa = PBXBuildFile; fileRef = 74F72E56223EB47200900030 /* Engine.swift */; };
		3A874F1C223F907800DE2414 /* ScnEngine.swift in Sources */ = {isa = PBXBuildFile; fileRef = 74F72E54223EB47200900030 /* ScnEngine.swift */; };
		3A87E19C232A325F0026BBC4 /* NodeGEO.swift in Sources */ = {isa = PBXBuildFile; fileRef = 3A87E19B232A325F0026BBC4 /* NodeGEO.swift */; };
		3A969789230A81EE004E94D4 /* SphereGEO.swift in Sources */ = {isa = PBXBuildFile; fileRef = 3A969788230A81EE004E94D4 /* SphereGEO.swift */; };
		3A96978B230A820C004E94D4 /* GEO.swift in Sources */ = {isa = PBXBuildFile; fileRef = 3A96978A230A820C004E94D4 /* GEO.swift */; };
		74F72E58223EB47200900030 /* ScnEngine.swift in Sources */ = {isa = PBXBuildFile; fileRef = 74F72E54223EB47200900030 /* ScnEngine.swift */; };
		74F72E5A223EB47200900030 /* Engine.swift in Sources */ = {isa = PBXBuildFile; fileRef = 74F72E56223EB47200900030 /* Engine.swift */; };
		74F72E5B223EB47200900030 /* Types.swift in Sources */ = {isa = PBXBuildFile; fileRef = 74F72E57223EB47200900030 /* Types.swift */; };
/* End PBXBuildFile section */

/* Begin PBXContainerItemProxy section */
		3A2840B5232A30F8004A43B6 /* PBXContainerItemProxy */ = {
			isa = PBXContainerItemProxy;
			containerPortal = 74F72E40223EB43400900030 /* Project object */;
			proxyType = 1;
			remoteGlobalIDString = 74F72E48223EB43400900030;
			remoteInfo = GEO3D;
		};
/* End PBXContainerItemProxy section */

/* Begin PBXCopyFilesBuildPhase section */
		3A2840B7232A30F8004A43B6 /* Embed Frameworks */ = {
			isa = PBXCopyFilesBuildPhase;
			buildActionMask = 2147483647;
			dstPath = "";
			dstSubfolderSpec = 10;
			files = (
				3A2840B4232A30F8004A43B6 /* GEO3D.framework in Embed Frameworks */,
			);
			name = "Embed Frameworks";
			runOnlyForDeploymentPostprocessing = 0;
		};
/* End PBXCopyFilesBuildPhase section */

/* Begin PBXFileReference section */
		3A2840AF232A2FF1004A43B6 /* GEORepView.swift */ = {isa = PBXFileReference; lastKnownFileType = sourcecode.swift; path = GEORepView.swift; sourceTree = "<group>"; };
		3A296F04232A6A9A0089F106 /* BoxGEO.swift */ = {isa = PBXFileReference; fileEncoding = 4; lastKnownFileType = sourcecode.swift; path = BoxGEO.swift; sourceTree = "<group>"; };
		3A296F07232A6B7D0089F106 /* GEOContent.swift */ = {isa = PBXFileReference; lastKnownFileType = sourcecode.swift; path = GEOContent.swift; sourceTree = "<group>"; };
		3A296F0A232A6BD80089F106 /* GEOEffect.swift */ = {isa = PBXFileReference; lastKnownFileType = sourcecode.swift; path = GEOEffect.swift; sourceTree = "<group>"; };
		3A31C5C6232A212A00373EA3 /* GEO3D.swift */ = {isa = PBXFileReference; lastKnownFileType = sourcecode.swift; path = GEO3D.swift; sourceTree = "<group>"; };
		3A31C5CE232A253D00373EA3 /* Demo App.app */ = {isa = PBXFileReference; explicitFileType = wrapper.application; includeInIndex = 0; path = "Demo App.app"; sourceTree = BUILT_PRODUCTS_DIR; };
		3A31C5D0232A253D00373EA3 /* AppDelegate.swift */ = {isa = PBXFileReference; lastKnownFileType = sourcecode.swift; path = AppDelegate.swift; sourceTree = "<group>"; };
		3A31C5D2232A253D00373EA3 /* SceneDelegate.swift */ = {isa = PBXFileReference; lastKnownFileType = sourcecode.swift; path = SceneDelegate.swift; sourceTree = "<group>"; };
		3A31C5D4232A253D00373EA3 /* ContentView.swift */ = {isa = PBXFileReference; lastKnownFileType = sourcecode.swift; path = ContentView.swift; sourceTree = "<group>"; };
		3A31C5D6232A253E00373EA3 /* Assets.xcassets */ = {isa = PBXFileReference; lastKnownFileType = folder.assetcatalog; path = Assets.xcassets; sourceTree = "<group>"; };
		3A31C5D9232A253E00373EA3 /* Preview Assets.xcassets */ = {isa = PBXFileReference; lastKnownFileType = folder.assetcatalog; path = "Preview Assets.xcassets"; sourceTree = "<group>"; };
		3A31C5DC232A253E00373EA3 /* Base */ = {isa = PBXFileReference; lastKnownFileType = file.storyboard; name = Base; path = Base.lproj/LaunchScreen.storyboard; sourceTree = "<group>"; };
		3A31C5DE232A253F00373EA3 /* Info.plist */ = {isa = PBXFileReference; lastKnownFileType = text.plist.xml; path = Info.plist; sourceTree = "<group>"; };
		3A31C5E3232A2D7D00373EA3 /* ScnRoot.swift */ = {isa = PBXFileReference; lastKnownFileType = sourcecode.swift; path = ScnRoot.swift; sourceTree = "<group>"; };
		3A31C5E5232A2D8600373EA3 /* ScnObj.swift */ = {isa = PBXFileReference; lastKnownFileType = sourcecode.swift; path = ScnObj.swift; sourceTree = "<group>"; };
		3A31C5E7232A2DBF00373EA3 /* Root.swift */ = {isa = PBXFileReference; lastKnownFileType = sourcecode.swift; path = Root.swift; sourceTree = "<group>"; };
		3A31C5EB232A2DD300373EA3 /* Obj.swift */ = {isa = PBXFileReference; lastKnownFileType = sourcecode.swift; path = Obj.swift; sourceTree = "<group>"; };
		3A5D0519223F937C006CB577 /* Info.plist */ = {isa = PBXFileReference; lastKnownFileType = text.plist.xml; path = Info.plist; sourceTree = "<group>"; };
		3A874F12223F905800DE2414 /* GEO3D_macOS.framework */ = {isa = PBXFileReference; explicitFileType = wrapper.framework; includeInIndex = 0; path = GEO3D_macOS.framework; sourceTree = BUILT_PRODUCTS_DIR; };
		3A87E19B232A325F0026BBC4 /* NodeGEO.swift */ = {isa = PBXFileReference; lastKnownFileType = sourcecode.swift; path = NodeGEO.swift; sourceTree = "<group>"; };
		3A969788230A81EE004E94D4 /* SphereGEO.swift */ = {isa = PBXFileReference; lastKnownFileType = sourcecode.swift; path = SphereGEO.swift; sourceTree = "<group>"; };
		3A96978A230A820C004E94D4 /* GEO.swift */ = {isa = PBXFileReference; lastKnownFileType = sourcecode.swift; path = GEO.swift; sourceTree = "<group>"; };
		74F72E49223EB43400900030 /* GEO3D.framework */ = {isa = PBXFileReference; explicitFileType = wrapper.framework; includeInIndex = 0; path = GEO3D.framework; sourceTree = BUILT_PRODUCTS_DIR; };
		74F72E54223EB47200900030 /* ScnEngine.swift */ = {isa = PBXFileReference; fileEncoding = 4; lastKnownFileType = sourcecode.swift; path = ScnEngine.swift; sourceTree = "<group>"; };
		74F72E55223EB47200900030 /* RawEngine.swift */ = {isa = PBXFileReference; fileEncoding = 4; lastKnownFileType = sourcecode.swift; path = RawEngine.swift; sourceTree = "<group>"; };
		74F72E56223EB47200900030 /* Engine.swift */ = {isa = PBXFileReference; fileEncoding = 4; lastKnownFileType = sourcecode.swift; path = Engine.swift; sourceTree = "<group>"; };
		74F72E57223EB47200900030 /* Types.swift */ = {isa = PBXFileReference; fileEncoding = 4; lastKnownFileType = sourcecode.swift; path = Types.swift; sourceTree = "<group>"; };
		74FD5D22223EC75000B61BAE /* README.md */ = {isa = PBXFileReference; fileEncoding = 4; lastKnownFileType = net.daringfireball.markdown; path = README.md; sourceTree = "<group>"; };
/* End PBXFileReference section */

/* Begin PBXFrameworksBuildPhase section */
		3A31C5CB232A253D00373EA3 /* Frameworks */ = {
			isa = PBXFrameworksBuildPhase;
			buildActionMask = 2147483647;
			files = (
				3A2840B3232A30F8004A43B6 /* GEO3D.framework in Frameworks */,
			);
			runOnlyForDeploymentPostprocessing = 0;
		};
		3A874F0F223F905800DE2414 /* Frameworks */ = {
			isa = PBXFrameworksBuildPhase;
			buildActionMask = 2147483647;
			files = (
			);
			runOnlyForDeploymentPostprocessing = 0;
		};
		74F72E46223EB43400900030 /* Frameworks */ = {
			isa = PBXFrameworksBuildPhase;
			buildActionMask = 2147483647;
			files = (
			);
			runOnlyForDeploymentPostprocessing = 0;
		};
/* End PBXFrameworksBuildPhase section */

/* Begin PBXGroup section */
		3A2840AD232A2FD1004A43B6 /* Extensions */ = {
			isa = PBXGroup;
			children = (
				3A2840AF232A2FF1004A43B6 /* GEORepView.swift */,
			);
			path = Extensions;
			sourceTree = "<group>";
		};
		3A2840AE232A2FDE004A43B6 /* GEOs */ = {
			isa = PBXGroup;
			children = (
				3A969787230A81DA004E94D4 /* Content */,
				3A87E19A232A32510026BBC4 /* Effects */,
			);
			path = GEOs;
			sourceTree = "<group>";
		};
		3A2840B2232A30F8004A43B6 /* Frameworks */ = {
			isa = PBXGroup;
			children = (
			);
			name = Frameworks;
			sourceTree = "<group>";
		};
		3A31C5C4232A20D300373EA3 /* Engine */ = {
			isa = PBXGroup;
			children = (
				74F72E57223EB47200900030 /* Types.swift */,
				3A31C5E9232A2DC400373EA3 /* Protocol */,
				3A31C5E2232A2D7000373EA3 /* Scn */,
				3A31C5ED232A2E0300373EA3 /* Raw */,
			);
			path = Engine;
			sourceTree = "<group>";
		};
		3A31C5C5232A20F300373EA3 /* Resources */ = {
			isa = PBXGroup;
			children = (
				3A5D0519223F937C006CB577 /* Info.plist */,
			);
			path = Resources;
			sourceTree = "<group>";
		};
		3A31C5CF232A253D00373EA3 /* Demo App */ = {
			isa = PBXGroup;
			children = (
				3A31C5D0232A253D00373EA3 /* AppDelegate.swift */,
				3A31C5D2232A253D00373EA3 /* SceneDelegate.swift */,
				3A31C5D4232A253D00373EA3 /* ContentView.swift */,
				3A31C5D6232A253E00373EA3 /* Assets.xcassets */,
				3A31C5DB232A253E00373EA3 /* LaunchScreen.storyboard */,
				3A31C5DE232A253F00373EA3 /* Info.plist */,
				3A31C5D8232A253E00373EA3 /* Preview Content */,
			);
			path = "Demo App";
			sourceTree = "<group>";
		};
		3A31C5D8232A253E00373EA3 /* Preview Content */ = {
			isa = PBXGroup;
			children = (
				3A31C5D9232A253E00373EA3 /* Preview Assets.xcassets */,
			);
			path = "Preview Content";
			sourceTree = "<group>";
		};
		3A31C5E2232A2D7000373EA3 /* Scn */ = {
			isa = PBXGroup;
			children = (
				74F72E54223EB47200900030 /* ScnEngine.swift */,
				3A31C5E3232A2D7D00373EA3 /* ScnRoot.swift */,
				3A31C5E5232A2D8600373EA3 /* ScnObj.swift */,
			);
			path = Scn;
			sourceTree = "<group>";
		};
		3A31C5E9232A2DC400373EA3 /* Protocol */ = {
			isa = PBXGroup;
			children = (
				74F72E56223EB47200900030 /* Engine.swift */,
				3A31C5E7232A2DBF00373EA3 /* Root.swift */,
				3A31C5EB232A2DD300373EA3 /* Obj.swift */,
			);
			path = Protocol;
			sourceTree = "<group>";
		};
		3A31C5ED232A2E0300373EA3 /* Raw */ = {
			isa = PBXGroup;
			children = (
				74F72E55223EB47200900030 /* RawEngine.swift */,
			);
			path = Raw;
			sourceTree = "<group>";
		};
		3A87E19A232A32510026BBC4 /* Effects */ = {
			isa = PBXGroup;
			children = (
				3A296F0A232A6BD80089F106 /* GEOEffect.swift */,
				3A87E19B232A325F0026BBC4 /* NodeGEO.swift */,
			);
			path = Effects;
			sourceTree = "<group>";
		};
		3A969786230A81CF004E94D4 /* GEO */ = {
			isa = PBXGroup;
			children = (
				3A96978A230A820C004E94D4 /* GEO.swift */,
				3A2840AD232A2FD1004A43B6 /* Extensions */,
				3A2840AE232A2FDE004A43B6 /* GEOs */,
			);
			path = GEO;
			sourceTree = "<group>";
		};
		3A969787230A81DA004E94D4 /* Content */ = {
			isa = PBXGroup;
			children = (
				3A296F07232A6B7D0089F106 /* GEOContent.swift */,
				3A969788230A81EE004E94D4 /* SphereGEO.swift */,
				3A296F04232A6A9A0089F106 /* BoxGEO.swift */,
			);
			path = Content;
			sourceTree = "<group>";
		};
		74F72E3F223EB43400900030 = {
			isa = PBXGroup;
			children = (
				74FD5D22223EC75000B61BAE /* README.md */,
				74F72E4B223EB43400900030 /* Source */,
				3A31C5C5232A20F300373EA3 /* Resources */,
				3A31C5CF232A253D00373EA3 /* Demo App */,
				74F72E4A223EB43400900030 /* Products */,
				3A2840B2232A30F8004A43B6 /* Frameworks */,
			);
			sourceTree = "<group>";
		};
		74F72E4A223EB43400900030 /* Products */ = {
			isa = PBXGroup;
			children = (
				74F72E49223EB43400900030 /* GEO3D.framework */,
				3A874F12223F905800DE2414 /* GEO3D_macOS.framework */,
				3A31C5CE232A253D00373EA3 /* Demo App.app */,
			);
			name = Products;
			sourceTree = "<group>";
		};
		74F72E4B223EB43400900030 /* Source */ = {
			isa = PBXGroup;
			children = (
				3A31C5C6232A212A00373EA3 /* GEO3D.swift */,
				3A31C5C4232A20D300373EA3 /* Engine */,
				3A969786230A81CF004E94D4 /* GEO */,
			);
			path = Source;
			sourceTree = "<group>";
		};
/* End PBXGroup section */

/* Begin PBXHeadersBuildPhase section */
		3A874F0D223F905800DE2414 /* Headers */ = {
			isa = PBXHeadersBuildPhase;
			buildActionMask = 2147483647;
			files = (
			);
			runOnlyForDeploymentPostprocessing = 0;
		};
		74F72E44223EB43400900030 /* Headers */ = {
			isa = PBXHeadersBuildPhase;
			buildActionMask = 2147483647;
			files = (
			);
			runOnlyForDeploymentPostprocessing = 0;
		};
/* End PBXHeadersBuildPhase section */

/* Begin PBXNativeTarget section */
		3A31C5CD232A253D00373EA3 /* Demo App */ = {
			isa = PBXNativeTarget;
			buildConfigurationList = 3A31C5DF232A253F00373EA3 /* Build configuration list for PBXNativeTarget "Demo App" */;
			buildPhases = (
				3A31C5CA232A253D00373EA3 /* Sources */,
				3A31C5CB232A253D00373EA3 /* Frameworks */,
				3A31C5CC232A253D00373EA3 /* Resources */,
				3A2840B7232A30F8004A43B6 /* Embed Frameworks */,
			);
			buildRules = (
			);
			dependencies = (
				3A2840B6232A30F8004A43B6 /* PBXTargetDependency */,
			);
			name = "Demo App";
			productName = "Demo App";
			productReference = 3A31C5CE232A253D00373EA3 /* Demo App.app */;
			productType = "com.apple.product-type.application";
		};
		3A874F11223F905800DE2414 /* GEO3D-macOS */ = {
			isa = PBXNativeTarget;
			buildConfigurationList = 3A874F19223F905800DE2414 /* Build configuration list for PBXNativeTarget "GEO3D-macOS" */;
			buildPhases = (
				3A874F0D223F905800DE2414 /* Headers */,
				3A874F0E223F905800DE2414 /* Sources */,
				3A874F0F223F905800DE2414 /* Frameworks */,
				3A874F10223F905800DE2414 /* Resources */,
			);
			buildRules = (
			);
			dependencies = (
			);
			name = "GEO3D-macOS";
			productName = "GEO3D-macOS";
			productReference = 3A874F12223F905800DE2414 /* GEO3D_macOS.framework */;
			productType = "com.apple.product-type.framework";
		};
		74F72E48223EB43400900030 /* GEO3D */ = {
			isa = PBXNativeTarget;
			buildConfigurationList = 74F72E51223EB43400900030 /* Build configuration list for PBXNativeTarget "GEO3D" */;
			buildPhases = (
				74F72E44223EB43400900030 /* Headers */,
				74F72E45223EB43400900030 /* Sources */,
				74F72E46223EB43400900030 /* Frameworks */,
				74F72E47223EB43400900030 /* Resources */,
			);
			buildRules = (
			);
			dependencies = (
			);
			name = GEO3D;
			productName = GEO3D;
			productReference = 74F72E49223EB43400900030 /* GEO3D.framework */;
			productType = "com.apple.product-type.framework";
		};
/* End PBXNativeTarget section */

/* Begin PBXProject section */
		74F72E40223EB43400900030 /* Project object */ = {
			isa = PBXProject;
			attributes = {
				LastSwiftUpdateCheck = 1100;
				LastUpgradeCheck = 1020;
				ORGANIZATIONNAME = Hexagons;
				TargetAttributes = {
					3A31C5CD232A253D00373EA3 = {
						CreatedOnToolsVersion = 11.0;
					};
					3A874F11223F905800DE2414 = {
						CreatedOnToolsVersion = 10.2;
					};
					74F72E48223EB43400900030 = {
						CreatedOnToolsVersion = 10.2;
						LastSwiftMigration = 1020;
					};
				};
			};
			buildConfigurationList = 74F72E43223EB43400900030 /* Build configuration list for PBXProject "GEO3D" */;
			compatibilityVersion = "Xcode 9.3";
			developmentRegion = en;
			hasScannedForEncodings = 0;
			knownRegions = (
				en,
				Base,
			);
			mainGroup = 74F72E3F223EB43400900030;
			productRefGroup = 74F72E4A223EB43400900030 /* Products */;
			projectDirPath = "";
			projectRoot = "";
			targets = (
				74F72E48223EB43400900030 /* GEO3D */,
				3A874F11223F905800DE2414 /* GEO3D-macOS */,
				3A31C5CD232A253D00373EA3 /* Demo App */,
			);
		};
/* End PBXProject section */

/* Begin PBXResourcesBuildPhase section */
		3A31C5CC232A253D00373EA3 /* Resources */ = {
			isa = PBXResourcesBuildPhase;
			buildActionMask = 2147483647;
			files = (
				3A31C5DD232A253E00373EA3 /* LaunchScreen.storyboard in Resources */,
				3A31C5DA232A253E00373EA3 /* Preview Assets.xcassets in Resources */,
				3A31C5D7232A253E00373EA3 /* Assets.xcassets in Resources */,
			);
			runOnlyForDeploymentPostprocessing = 0;
		};
		3A874F10223F905800DE2414 /* Resources */ = {
			isa = PBXResourcesBuildPhase;
			buildActionMask = 2147483647;
			files = (
			);
			runOnlyForDeploymentPostprocessing = 0;
		};
		74F72E47223EB43400900030 /* Resources */ = {
			isa = PBXResourcesBuildPhase;
			buildActionMask = 2147483647;
			files = (
			);
			runOnlyForDeploymentPostprocessing = 0;
		};
/* End PBXResourcesBuildPhase section */

/* Begin PBXSourcesBuildPhase section */
		3A31C5CA232A253D00373EA3 /* Sources */ = {
			isa = PBXSourcesBuildPhase;
			buildActionMask = 2147483647;
			files = (
				3A31C5D1232A253D00373EA3 /* AppDelegate.swift in Sources */,
				3A31C5D3232A253D00373EA3 /* SceneDelegate.swift in Sources */,
				3A31C5D5232A253D00373EA3 /* ContentView.swift in Sources */,
			);
			runOnlyForDeploymentPostprocessing = 0;
		};
		3A874F0E223F905800DE2414 /* Sources */ = {
			isa = PBXSourcesBuildPhase;
			buildActionMask = 2147483647;
			files = (
				3A31C5EF232A2E5700373EA3 /* ScnRoot.swift in Sources */,
				3A31C5F0232A2E5900373EA3 /* ScnObj.swift in Sources */,
				3A874F1A223F907800DE2414 /* Engine.swift in Sources */,
				3A296F06232A6A9A0089F106 /* BoxGEO.swift in Sources */,
				3A296F0C232A6BD80089F106 /* GEOEffect.swift in Sources */,
				3A31C5EA232A2DC900373EA3 /* Root.swift in Sources */,
				3A874F1C223F907800DE2414 /* ScnEngine.swift in Sources */,
				3A31C5EE232A2E5100373EA3 /* Obj.swift in Sources */,
				3A296F09232A6B7D0089F106 /* GEOContent.swift in Sources */,
			);
			runOnlyForDeploymentPostprocessing = 0;
		};
		74F72E45223EB43400900030 /* Sources */ = {
			isa = PBXSourcesBuildPhase;
			buildActionMask = 2147483647;
			files = (
				3A96978B230A820C004E94D4 /* GEO.swift in Sources */,
				3A31C5E4232A2D7D00373EA3 /* ScnRoot.swift in Sources */,
				3A296F0B232A6BD80089F106 /* GEOEffect.swift in Sources */,
				3A969789230A81EE004E94D4 /* SphereGEO.swift in Sources */,
				3A31C5EC232A2DD300373EA3 /* Obj.swift in Sources */,
				3A296F08232A6B7D0089F106 /* GEOContent.swift in Sources */,
				3A31C5C7232A212A00373EA3 /* GEO3D.swift in Sources */,
				74F72E5B223EB47200900030 /* Types.swift in Sources */,
				3A2840B0232A2FF1004A43B6 /* GEORepView.swift in Sources */,
				3A31C5E8232A2DBF00373EA3 /* Root.swift in Sources */,
				3A87E19C232A325F0026BBC4 /* NodeGEO.swift in Sources */,
				74F72E58223EB47200900030 /* ScnEngine.swift in Sources */,
				3A31C5E6232A2D8600373EA3 /* ScnObj.swift in Sources */,
				74F72E5A223EB47200900030 /* Engine.swift in Sources */,
				3A296F05232A6A9A0089F106 /* BoxGEO.swift in Sources */,
			);
			runOnlyForDeploymentPostprocessing = 0;
		};
/* End PBXSourcesBuildPhase section */

/* Begin PBXTargetDependency section */
		3A2840B6232A30F8004A43B6 /* PBXTargetDependency */ = {
			isa = PBXTargetDependency;
			target = 74F72E48223EB43400900030 /* GEO3D */;
			targetProxy = 3A2840B5232A30F8004A43B6 /* PBXContainerItemProxy */;
		};
/* End PBXTargetDependency section */

/* Begin PBXVariantGroup section */
		3A31C5DB232A253E00373EA3 /* LaunchScreen.storyboard */ = {
			isa = PBXVariantGroup;
			children = (
				3A31C5DC232A253E00373EA3 /* Base */,
			);
			name = LaunchScreen.storyboard;
			sourceTree = "<group>";
		};
/* End PBXVariantGroup section */

/* Begin XCBuildConfiguration section */
		3A31C5E0232A253F00373EA3 /* Debug */ = {
			isa = XCBuildConfiguration;
			buildSettings = {
				ASSETCATALOG_COMPILER_APPICON_NAME = AppIcon;
				CODE_SIGN_STYLE = Automatic;
				DEVELOPMENT_ASSET_PATHS = "\"Demo App/Preview Content\"";
				DEVELOPMENT_TEAM = 2QHTY6FMW2;
				ENABLE_PREVIEWS = YES;
				INFOPLIST_FILE = "Demo App/Info.plist";
				IPHONEOS_DEPLOYMENT_TARGET = 13.0;
				LD_RUNPATH_SEARCH_PATHS = (
					"$(inherited)",
					"@executable_path/Frameworks",
				);
				PRODUCT_BUNDLE_IDENTIFIER = "se.hexagons.Demo-App";
				PRODUCT_NAME = "$(TARGET_NAME)";
				SWIFT_VERSION = 5.0;
				TARGETED_DEVICE_FAMILY = "1,2";
			};
			name = Debug;
		};
		3A31C5E1232A253F00373EA3 /* Release */ = {
			isa = XCBuildConfiguration;
			buildSettings = {
				ASSETCATALOG_COMPILER_APPICON_NAME = AppIcon;
				CODE_SIGN_STYLE = Automatic;
				DEVELOPMENT_ASSET_PATHS = "\"Demo App/Preview Content\"";
				DEVELOPMENT_TEAM = 2QHTY6FMW2;
				ENABLE_PREVIEWS = YES;
				INFOPLIST_FILE = "Demo App/Info.plist";
				IPHONEOS_DEPLOYMENT_TARGET = 13.0;
				LD_RUNPATH_SEARCH_PATHS = (
					"$(inherited)",
					"@executable_path/Frameworks",
				);
				PRODUCT_BUNDLE_IDENTIFIER = "se.hexagons.Demo-App";
				PRODUCT_NAME = "$(TARGET_NAME)";
				SWIFT_VERSION = 5.0;
				TARGETED_DEVICE_FAMILY = "1,2";
			};
			name = Release;
		};
		3A874F17223F905800DE2414 /* Debug */ = {
			isa = XCBuildConfiguration;
			buildSettings = {
				CODE_SIGN_IDENTITY = "Mac Developer";
				CODE_SIGN_STYLE = Automatic;
				COMBINE_HIDPI_IMAGES = YES;
				DEFINES_MODULE = YES;
				DEVELOPMENT_TEAM = 2QHTY6FMW2;
				DYLIB_COMPATIBILITY_VERSION = 1;
				DYLIB_CURRENT_VERSION = 1;
				DYLIB_INSTALL_NAME_BASE = "@rpath";
				FRAMEWORK_VERSION = A;
				INFOPLIST_FILE = "$(SRCROOT)/Resources/Info.plist";
				INSTALL_PATH = "$(LOCAL_LIBRARY_DIR)/Frameworks";
				LD_RUNPATH_SEARCH_PATHS = (
					"$(inherited)",
					"@executable_path/../Frameworks",
					"@loader_path/Frameworks",
				);
				MACOSX_DEPLOYMENT_TARGET = 10.15;
				PRODUCT_BUNDLE_IDENTIFIER = se.hexagons.geo3d.macos;
				PRODUCT_NAME = "$(TARGET_NAME:c99extidentifier)";
				SDKROOT = macosx;
				SKIP_INSTALL = YES;
				SWIFT_VERSION = 5.0;
			};
			name = Debug;
		};
		3A874F18223F905800DE2414 /* Release */ = {
			isa = XCBuildConfiguration;
			buildSettings = {
				CODE_SIGN_IDENTITY = "Mac Developer";
				CODE_SIGN_STYLE = Automatic;
				COMBINE_HIDPI_IMAGES = YES;
				DEFINES_MODULE = YES;
				DEVELOPMENT_TEAM = 2QHTY6FMW2;
				DYLIB_COMPATIBILITY_VERSION = 1;
				DYLIB_CURRENT_VERSION = 1;
				DYLIB_INSTALL_NAME_BASE = "@rpath";
				FRAMEWORK_VERSION = A;
				INFOPLIST_FILE = "$(SRCROOT)/Resources/Info.plist";
				INSTALL_PATH = "$(LOCAL_LIBRARY_DIR)/Frameworks";
				LD_RUNPATH_SEARCH_PATHS = (
					"$(inherited)",
					"@executable_path/../Frameworks",
					"@loader_path/Frameworks",
				);
				MACOSX_DEPLOYMENT_TARGET = 10.15;
				PRODUCT_BUNDLE_IDENTIFIER = se.hexagons.geo3d.macos;
				PRODUCT_NAME = "$(TARGET_NAME:c99extidentifier)";
				SDKROOT = macosx;
				SKIP_INSTALL = YES;
				SWIFT_VERSION = 5.0;
			};
			name = Release;
		};
		74F72E4F223EB43400900030 /* Debug */ = {
			isa = XCBuildConfiguration;
			buildSettings = {
				ALWAYS_SEARCH_USER_PATHS = NO;
				CLANG_ANALYZER_NONNULL = YES;
				CLANG_ANALYZER_NUMBER_OBJECT_CONVERSION = YES_AGGRESSIVE;
				CLANG_CXX_LANGUAGE_STANDARD = "gnu++14";
				CLANG_CXX_LIBRARY = "libc++";
				CLANG_ENABLE_MODULES = YES;
				CLANG_ENABLE_OBJC_ARC = YES;
				CLANG_ENABLE_OBJC_WEAK = YES;
				CLANG_WARN_BLOCK_CAPTURE_AUTORELEASING = YES;
				CLANG_WARN_BOOL_CONVERSION = YES;
				CLANG_WARN_COMMA = YES;
				CLANG_WARN_CONSTANT_CONVERSION = YES;
				CLANG_WARN_DEPRECATED_OBJC_IMPLEMENTATIONS = YES;
				CLANG_WARN_DIRECT_OBJC_ISA_USAGE = YES_ERROR;
				CLANG_WARN_DOCUMENTATION_COMMENTS = YES;
				CLANG_WARN_EMPTY_BODY = YES;
				CLANG_WARN_ENUM_CONVERSION = YES;
				CLANG_WARN_INFINITE_RECURSION = YES;
				CLANG_WARN_INT_CONVERSION = YES;
				CLANG_WARN_NON_LITERAL_NULL_CONVERSION = YES;
				CLANG_WARN_OBJC_IMPLICIT_RETAIN_SELF = YES;
				CLANG_WARN_OBJC_LITERAL_CONVERSION = YES;
				CLANG_WARN_OBJC_ROOT_CLASS = YES_ERROR;
				CLANG_WARN_RANGE_LOOP_ANALYSIS = YES;
				CLANG_WARN_STRICT_PROTOTYPES = YES;
				CLANG_WARN_SUSPICIOUS_MOVE = YES;
				CLANG_WARN_UNGUARDED_AVAILABILITY = YES_AGGRESSIVE;
				CLANG_WARN_UNREACHABLE_CODE = YES;
				CLANG_WARN__DUPLICATE_METHOD_MATCH = YES;
				CODE_SIGN_IDENTITY = "iPhone Developer";
				COPY_PHASE_STRIP = NO;
				CURRENT_PROJECT_VERSION = 1;
				DEBUG_INFORMATION_FORMAT = dwarf;
				ENABLE_STRICT_OBJC_MSGSEND = YES;
				ENABLE_TESTABILITY = YES;
				GCC_C_LANGUAGE_STANDARD = gnu11;
				GCC_DYNAMIC_NO_PIC = NO;
				GCC_NO_COMMON_BLOCKS = YES;
				GCC_OPTIMIZATION_LEVEL = 0;
				GCC_PREPROCESSOR_DEFINITIONS = (
					"DEBUG=1",
					"$(inherited)",
				);
				GCC_WARN_64_TO_32_BIT_CONVERSION = YES;
				GCC_WARN_ABOUT_RETURN_TYPE = YES_ERROR;
				GCC_WARN_UNDECLARED_SELECTOR = YES;
				GCC_WARN_UNINITIALIZED_AUTOS = YES_AGGRESSIVE;
				GCC_WARN_UNUSED_FUNCTION = YES;
				GCC_WARN_UNUSED_VARIABLE = YES;
				IPHONEOS_DEPLOYMENT_TARGET = 12.2;
				MTL_ENABLE_DEBUG_INFO = INCLUDE_SOURCE;
				MTL_FAST_MATH = YES;
				ONLY_ACTIVE_ARCH = YES;
				SDKROOT = iphoneos;
				SWIFT_ACTIVE_COMPILATION_CONDITIONS = DEBUG;
				SWIFT_OPTIMIZATION_LEVEL = "-Onone";
				VERSIONING_SYSTEM = "apple-generic";
				VERSION_INFO_PREFIX = "";
			};
			name = Debug;
		};
		74F72E50223EB43400900030 /* Release */ = {
			isa = XCBuildConfiguration;
			buildSettings = {
				ALWAYS_SEARCH_USER_PATHS = NO;
				CLANG_ANALYZER_NONNULL = YES;
				CLANG_ANALYZER_NUMBER_OBJECT_CONVERSION = YES_AGGRESSIVE;
				CLANG_CXX_LANGUAGE_STANDARD = "gnu++14";
				CLANG_CXX_LIBRARY = "libc++";
				CLANG_ENABLE_MODULES = YES;
				CLANG_ENABLE_OBJC_ARC = YES;
				CLANG_ENABLE_OBJC_WEAK = YES;
				CLANG_WARN_BLOCK_CAPTURE_AUTORELEASING = YES;
				CLANG_WARN_BOOL_CONVERSION = YES;
				CLANG_WARN_COMMA = YES;
				CLANG_WARN_CONSTANT_CONVERSION = YES;
				CLANG_WARN_DEPRECATED_OBJC_IMPLEMENTATIONS = YES;
				CLANG_WARN_DIRECT_OBJC_ISA_USAGE = YES_ERROR;
				CLANG_WARN_DOCUMENTATION_COMMENTS = YES;
				CLANG_WARN_EMPTY_BODY = YES;
				CLANG_WARN_ENUM_CONVERSION = YES;
				CLANG_WARN_INFINITE_RECURSION = YES;
				CLANG_WARN_INT_CONVERSION = YES;
				CLANG_WARN_NON_LITERAL_NULL_CONVERSION = YES;
				CLANG_WARN_OBJC_IMPLICIT_RETAIN_SELF = YES;
				CLANG_WARN_OBJC_LITERAL_CONVERSION = YES;
				CLANG_WARN_OBJC_ROOT_CLASS = YES_ERROR;
				CLANG_WARN_RANGE_LOOP_ANALYSIS = YES;
				CLANG_WARN_STRICT_PROTOTYPES = YES;
				CLANG_WARN_SUSPICIOUS_MOVE = YES;
				CLANG_WARN_UNGUARDED_AVAILABILITY = YES_AGGRESSIVE;
				CLANG_WARN_UNREACHABLE_CODE = YES;
				CLANG_WARN__DUPLICATE_METHOD_MATCH = YES;
				CODE_SIGN_IDENTITY = "iPhone Developer";
				COPY_PHASE_STRIP = NO;
				CURRENT_PROJECT_VERSION = 1;
				DEBUG_INFORMATION_FORMAT = "dwarf-with-dsym";
				ENABLE_NS_ASSERTIONS = NO;
				ENABLE_STRICT_OBJC_MSGSEND = YES;
				GCC_C_LANGUAGE_STANDARD = gnu11;
				GCC_NO_COMMON_BLOCKS = YES;
				GCC_WARN_64_TO_32_BIT_CONVERSION = YES;
				GCC_WARN_ABOUT_RETURN_TYPE = YES_ERROR;
				GCC_WARN_UNDECLARED_SELECTOR = YES;
				GCC_WARN_UNINITIALIZED_AUTOS = YES_AGGRESSIVE;
				GCC_WARN_UNUSED_FUNCTION = YES;
				GCC_WARN_UNUSED_VARIABLE = YES;
				IPHONEOS_DEPLOYMENT_TARGET = 12.2;
				MTL_ENABLE_DEBUG_INFO = NO;
				MTL_FAST_MATH = YES;
				SDKROOT = iphoneos;
				SWIFT_COMPILATION_MODE = wholemodule;
				SWIFT_OPTIMIZATION_LEVEL = "-O";
				VALIDATE_PRODUCT = YES;
				VERSIONING_SYSTEM = "apple-generic";
				VERSION_INFO_PREFIX = "";
			};
			name = Release;
		};
		74F72E52223EB43400900030 /* Debug */ = {
			isa = XCBuildConfiguration;
			buildSettings = {
				CLANG_ENABLE_MODULES = YES;
				CODE_SIGN_IDENTITY = "";
				CODE_SIGN_STYLE = Automatic;
				DEFINES_MODULE = YES;
				DEVELOPMENT_TEAM = 2QHTY6FMW2;
				DYLIB_COMPATIBILITY_VERSION = 1;
				DYLIB_CURRENT_VERSION = 1;
				DYLIB_INSTALL_NAME_BASE = "@rpath";
				INFOPLIST_FILE = "$(SRCROOT)/Resources/Info.plist";
				INSTALL_PATH = "$(LOCAL_LIBRARY_DIR)/Frameworks";
				IPHONEOS_DEPLOYMENT_TARGET = 13.0;
				LD_RUNPATH_SEARCH_PATHS = (
					"$(inherited)",
					"@executable_path/Frameworks",
					"@loader_path/Frameworks",
				);
				PRODUCT_BUNDLE_IDENTIFIER = se.hexagons.geo3d;
				PRODUCT_NAME = "$(TARGET_NAME:c99extidentifier)";
				SKIP_INSTALL = YES;
				SWIFT_OPTIMIZATION_LEVEL = "-Onone";
				SWIFT_VERSION = 5.0;
				TARGETED_DEVICE_FAMILY = "1,2";
			};
			name = Debug;
		};
		74F72E53223EB43400900030 /* Release */ = {
			isa = XCBuildConfiguration;
			buildSettings = {
				CLANG_ENABLE_MODULES = YES;
				CODE_SIGN_IDENTITY = "";
				CODE_SIGN_STYLE = Automatic;
				DEFINES_MODULE = YES;
				DEVELOPMENT_TEAM = 2QHTY6FMW2;
				DYLIB_COMPATIBILITY_VERSION = 1;
				DYLIB_CURRENT_VERSION = 1;
				DYLIB_INSTALL_NAME_BASE = "@rpath";
				INFOPLIST_FILE = "$(SRCROOT)/Resources/Info.plist";
				INSTALL_PATH = "$(LOCAL_LIBRARY_DIR)/Frameworks";
				IPHONEOS_DEPLOYMENT_TARGET = 13.0;
				LD_RUNPATH_SEARCH_PATHS = (
					"$(inherited)",
					"@executable_path/Frameworks",
					"@loader_path/Frameworks",
				);
				PRODUCT_BUNDLE_IDENTIFIER = se.hexagons.geo3d;
				PRODUCT_NAME = "$(TARGET_NAME:c99extidentifier)";
				SKIP_INSTALL = YES;
				SWIFT_VERSION = 5.0;
				TARGETED_DEVICE_FAMILY = "1,2";
			};
			name = Release;
		};
/* End XCBuildConfiguration section */

/* Begin XCConfigurationList section */
		3A31C5DF232A253F00373EA3 /* Build configuration list for PBXNativeTarget "Demo App" */ = {
			isa = XCConfigurationList;
			buildConfigurations = (
				3A31C5E0232A253F00373EA3 /* Debug */,
				3A31C5E1232A253F00373EA3 /* Release */,
			);
			defaultConfigurationIsVisible = 0;
			defaultConfigurationName = Release;
		};
		3A874F19223F905800DE2414 /* Build configuration list for PBXNativeTarget "GEO3D-macOS" */ = {
			isa = XCConfigurationList;
			buildConfigurations = (
				3A874F17223F905800DE2414 /* Debug */,
				3A874F18223F905800DE2414 /* Release */,
			);
			defaultConfigurationIsVisible = 0;
			defaultConfigurationName = Release;
		};
		74F72E43223EB43400900030 /* Build configuration list for PBXProject "GEO3D" */ = {
			isa = XCConfigurationList;
			buildConfigurations = (
				74F72E4F223EB43400900030 /* Debug */,
				74F72E50223EB43400900030 /* Release */,
			);
			defaultConfigurationIsVisible = 0;
			defaultConfigurationName = Release;
		};
		74F72E51223EB43400900030 /* Build configuration list for PBXNativeTarget "GEO3D" */ = {
			isa = XCConfigurationList;
			buildConfigurations = (
				74F72E52223EB43400900030 /* Debug */,
				74F72E53223EB43400900030 /* Release */,
			);
			defaultConfigurationIsVisible = 0;
			defaultConfigurationName = Release;
		};
/* End XCConfigurationList section */
	};
	rootObject = 74F72E40223EB43400900030 /* Project object */;
}
